
Microsoft Visual Studio Solution File, Format Version 12.00
# Visual Studio Version 16
VisualStudioVersion = 16.0.29519.181
MinimumVisualStudioVersion = 10.0.40219.1
Project("{FAE04EC0-301F-11D3-BF4B-00C04F79EFBC}") = "Operazioni", "Operazioni\Operazioni.csproj", "{737DF821-F59E-46D1-A5F9-4A70E901175B}"
EndProject
Project("{FAE04EC0-301F-11D3-BF4B-00C04F79EFBC}") = "OperazioniTest", "OperazioniTest\OperazioniTest.csproj", "{BDBBBB10-A777-4A60-92AC-069151133122}"
EndProject
Global
	GlobalSection(SolutionConfigurationPlatforms) = preSolution
		Debug|Any CPU = Debug|Any CPU
		Release|Any CPU = Release|Any CPU
	EndGlobalSection
	GlobalSection(ProjectConfigurationPlatforms) = postSolution
		{737DF821-F59E-46D1-A5F9-4A70E901175B}.Debug|Any CPU.ActiveCfg = Debug|Any CPU
		{737DF821-F59E-46D1-A5F9-4A70E901175B}.Debug|Any CPU.Build.0 = Debug|Any CPU
		{737DF821-F59E-46D1-A5F9-4A70E901175B}.Release|Any CPU.ActiveCfg = Release|Any CPU
		{737DF821-F59E-46D1-A5F9-4A70E901175B}.Release|Any CPU.Build.0 = Release|Any CPU
		{BDBBBB10-A777-4A60-92AC-069151133122}.Debug|Any CPU.ActiveCfg = Debug|Any CPU
		{BDBBBB10-A777-4A60-92AC-069151133122}.Debug|Any CPU.Build.0 = Debug|Any CPU
		{BDBBBB10-A777-4A60-92AC-069151133122}.Release|Any CPU.ActiveCfg = Release|Any CPU
		{BDBBBB10-A777-4A60-92AC-069151133122}.Release|Any CPU.Build.0 = Release|Any CPU
	EndGlobalSection
	GlobalSection(SolutionProperties) = preSolution
		HideSolutionNode = FALSE
	EndGlobalSection
	GlobalSection(ExtensibilityGlobals) = postSolution
		SolutionGuid = {FF548FA8-EF91-4844-868C-F5D8FD8D487A}
	EndGlobalSection
EndGlobal
